
Microsoft Visual Studio Solution File, Format Version 12.00
# Visual Studio Version 16
VisualStudioVersion = 16.0.31320.298
MinimumVisualStudioVersion = 10.0.40219.1
Project("{9A19103F-16F7-4668-BE54-9A1E7A4F7556}") = "AudioBookPlayer.App", "src\AudioBookPlayer.App\AudioBookPlayer.App\AudioBookPlayer.App.csproj", "{975FC088-F460-4E2B-A7F7-A5DCC82AE56B}"
EndProject
Project("{FAE04EC0-301F-11D3-BF4B-00C04F79EFBC}") = "AudioBookPlayer.App.Android", "src\AudioBookPlayer.App\AudioBookPlayer.App.Android\AudioBookPlayer.App.Android.csproj", "{D49B5969-3355-4CB5-9D08-C38CC9619DAD}"
EndProject
Project("{2150E333-8FDC-42A3-9474-1A3956D46DE8}") = "LibraProgramming.Modules", "LibraProgramming.Modules", "{10BCC8F8-6F58-45B3-8438-3FA9E6584C16}"
EndProject
Project("{9A19103F-16F7-4668-BE54-9A1E7A4F7556}") = "LibraProgramming.Xamarin.Core", "src\LibraProgramming.Modules\LibraProgramming.Xamarin.Core\LibraProgramming.Xamarin.Core.csproj", "{0AFAF077-1A9D-4DDB-A7CB-A91F1B6805E8}"
EndProject
Project("{9A19103F-16F7-4668-BE54-9A1E7A4F7556}") = "LibraProgramming.Xamarin.Dependency.Container", "src\LibraProgramming.Modules\LibraProgramming.Xamarin.Dependency.Container\LibraProgramming.Xamarin.Dependency.Container.csproj", "{6BDAF869-7279-4917-8722-838EF064B563}"
EndProject
Project("{9A19103F-16F7-4668-BE54-9A1E7A4F7556}") = "LibraProgramming.Xamarin.Interaction", "src\LibraProgramming.Modules\LibraProgramming.Xamarin.Interaction\LibraProgramming.Xamarin.Interaction.csproj", "{7D97FD84-A190-41A1-8DE9-0ECE34C4419D}"
EndProject
Project("{9A19103F-16F7-4668-BE54-9A1E7A4F7556}") = "LibraProgramming.Xamarin.Interactivity", "src\LibraProgramming.Modules\LibraProgramming.Xamarin.Interactivity\LibraProgramming.Xamarin.Interactivity.csproj", "{E0313451-65AA-403C-A2E6-B8238D132D3B}"
EndProject
Project("{9A19103F-16F7-4668-BE54-9A1E7A4F7556}") = "LibraProgramming.Xamarin.Popups", "src\LibraProgramming.Modules\LibraProgramming.Xamarin.Popups\LibraProgramming.Xamarin.Popups.csproj", "{5BCD7312-0694-4741-AA28-C761D166B0AB}"
EndProject
Project("{9A19103F-16F7-4668-BE54-9A1E7A4F7556}") = "LibraProgramming.Xamarin.Controls", "src\LibraProgramming.Modules\LibraProgramming.Xamarin.Controls\LibraProgramming.Xamarin.Controls.csproj", "{0ECC3056-6412-4A3A-ACC2-FFA6C31D51D0}"
EndProject
Project("{9A19103F-16F7-4668-BE54-9A1E7A4F7556}") = "AudioBookPlayer.App.Data", "src\AudioBookPlayer.App.Data\AudioBookPlayer.App.Data.csproj", "{366A92C9-98FD-4B12-A9A8-366FC89E9A7A}"
EndProject
Project("{2150E333-8FDC-42A3-9474-1A3956D46DE8}") = "LibraProgramming.Media", "LibraProgramming.Media", "{BC547DE0-ED73-4614-B98A-24BD9BE0FACC}"
EndProject
Project("{9A19103F-16F7-4668-BE54-9A1E7A4F7556}") = "LibraProgramming.Media.Common", "src\LibraProgramming.Media\LibraProgramming.Media.Common\LibraProgramming.Media.Common.csproj", "{3DEC16F4-061D-4A36-8756-8231AF121484}"
EndProject
Project("{9A19103F-16F7-4668-BE54-9A1E7A4F7556}") = "LibraProgramming.Media.QuickTime", "src\LibraProgramming.Media\LibraProgramming.Media.QuickTime\LibraProgramming.Media.QuickTime.csproj", "{E65C4175-B586-4190-9FF3-2D35B8B29CAB}"
EndProject
Project("{2150E333-8FDC-42A3-9474-1A3956D46DE8}") = "Solution Items", "Solution Items", "{72853205-2748-4969-A2CF-2B370CBA4081}"
	ProjectSection(SolutionItems) = preProject
		audioformats_2.14_letter.pdf = audioformats_2.14_letter.pdf
		ftyp.txt = ftyp.txt
		logo-1.pdn = logo-1.pdn
		logo.pdn = logo.pdn
		qtff.pdf = qtff.pdf
		qtm-layout.txt = qtm-layout.txt
		screenshot-0001.jpg = screenshot-0001.jpg
		screenshot-0002.png = screenshot-0002.png
		screenshot-0003.jpg = screenshot-0003.jpg
		screenshot-0004.png = screenshot-0004.png
		screenshot-0005.jpg = screenshot-0005.jpg
		screenshot-0006.png = screenshot-0006.png
		screenshot-0007.jpg = screenshot-0007.jpg
		screenshot-0008.png = screenshot-0008.png
		screenshot-0009.png = screenshot-0009.png
		screenshot-0010.png = screenshot-0010.png
		screenshot-0011.jpg = screenshot-0011.jpg
		screenshot-0012.webp = screenshot-0012.webp
		screenshot-0013.png = screenshot-0013.png
	EndProjectSection
EndProject
Project("{9A19103F-16F7-4668-BE54-9A1E7A4F7556}") = "ConsoleApp", "src\ConsoleApp\ConsoleApp.csproj", "{F46FEF83-036A-4311-9D70-BF7E7FDB0B8B}"
EndProject
Global
	GlobalSection(SolutionConfigurationPlatforms) = preSolution
		Debug|Any CPU = Debug|Any CPU
		Release|Any CPU = Release|Any CPU
	EndGlobalSection
	GlobalSection(ProjectConfigurationPlatforms) = postSolution
		{975FC088-F460-4E2B-A7F7-A5DCC82AE56B}.Debug|Any CPU.ActiveCfg = Debug|Any CPU
		{975FC088-F460-4E2B-A7F7-A5DCC82AE56B}.Debug|Any CPU.Build.0 = Debug|Any CPU
		{975FC088-F460-4E2B-A7F7-A5DCC82AE56B}.Release|Any CPU.ActiveCfg = Release|Any CPU
		{975FC088-F460-4E2B-A7F7-A5DCC82AE56B}.Release|Any CPU.Build.0 = Release|Any CPU
		{D49B5969-3355-4CB5-9D08-C38CC9619DAD}.Debug|Any CPU.ActiveCfg = Debug|Any CPU
		{D49B5969-3355-4CB5-9D08-C38CC9619DAD}.Debug|Any CPU.Build.0 = Debug|Any CPU
		{D49B5969-3355-4CB5-9D08-C38CC9619DAD}.Debug|Any CPU.Deploy.0 = Debug|Any CPU
		{D49B5969-3355-4CB5-9D08-C38CC9619DAD}.Release|Any CPU.ActiveCfg = Release|Any CPU
		{D49B5969-3355-4CB5-9D08-C38CC9619DAD}.Release|Any CPU.Build.0 = Release|Any CPU
		{D49B5969-3355-4CB5-9D08-C38CC9619DAD}.Release|Any CPU.Deploy.0 = Release|Any CPU
		{0AFAF077-1A9D-4DDB-A7CB-A91F1B6805E8}.Debug|Any CPU.ActiveCfg = Debug|Any CPU
		{0AFAF077-1A9D-4DDB-A7CB-A91F1B6805E8}.Debug|Any CPU.Build.0 = Debug|Any CPU
		{0AFAF077-1A9D-4DDB-A7CB-A91F1B6805E8}.Release|Any CPU.ActiveCfg = Release|Any CPU
		{0AFAF077-1A9D-4DDB-A7CB-A91F1B6805E8}.Release|Any CPU.Build.0 = Release|Any CPU
		{6BDAF869-7279-4917-8722-838EF064B563}.Debug|Any CPU.ActiveCfg = Debug|Any CPU
		{6BDAF869-7279-4917-8722-838EF064B563}.Debug|Any CPU.Build.0 = Debug|Any CPU
		{6BDAF869-7279-4917-8722-838EF064B563}.Release|Any CPU.ActiveCfg = Release|Any CPU
		{6BDAF869-7279-4917-8722-838EF064B563}.Release|Any CPU.Build.0 = Release|Any CPU
		{7D97FD84-A190-41A1-8DE9-0ECE34C4419D}.Debug|Any CPU.ActiveCfg = Debug|Any CPU
		{7D97FD84-A190-41A1-8DE9-0ECE34C4419D}.Debug|Any CPU.Build.0 = Debug|Any CPU
		{7D97FD84-A190-41A1-8DE9-0ECE34C4419D}.Release|Any CPU.ActiveCfg = Release|Any CPU
		{7D97FD84-A190-41A1-8DE9-0ECE34C4419D}.Release|Any CPU.Build.0 = Release|Any CPU
		{E0313451-65AA-403C-A2E6-B8238D132D3B}.Debug|Any CPU.ActiveCfg = Debug|Any CPU
		{E0313451-65AA-403C-A2E6-B8238D132D3B}.Debug|Any CPU.Build.0 = Debug|Any CPU
		{E0313451-65AA-403C-A2E6-B8238D132D3B}.Release|Any CPU.ActiveCfg = Release|Any CPU
		{E0313451-65AA-403C-A2E6-B8238D132D3B}.Release|Any CPU.Build.0 = Release|Any CPU
		{5BCD7312-0694-4741-AA28-C761D166B0AB}.Debug|Any CPU.ActiveCfg = Debug|Any CPU
		{5BCD7312-0694-4741-AA28-C761D166B0AB}.Debug|Any CPU.Build.0 = Debug|Any CPU
		{5BCD7312-0694-4741-AA28-C761D166B0AB}.Release|Any CPU.ActiveCfg = Release|Any CPU
		{5BCD7312-0694-4741-AA28-C761D166B0AB}.Release|Any CPU.Build.0 = Release|Any CPU
		{0ECC3056-6412-4A3A-ACC2-FFA6C31D51D0}.Debug|Any CPU.ActiveCfg = Debug|Any CPU
		{0ECC3056-6412-4A3A-ACC2-FFA6C31D51D0}.Debug|Any CPU.Build.0 = Debug|Any CPU
		{0ECC3056-6412-4A3A-ACC2-FFA6C31D51D0}.Release|Any CPU.ActiveCfg = Release|Any CPU
		{0ECC3056-6412-4A3A-ACC2-FFA6C31D51D0}.Release|Any CPU.Build.0 = Release|Any CPU
		{366A92C9-98FD-4B12-A9A8-366FC89E9A7A}.Debug|Any CPU.ActiveCfg = Debug|Any CPU
		{366A92C9-98FD-4B12-A9A8-366FC89E9A7A}.Debug|Any CPU.Build.0 = Debug|Any CPU
		{366A92C9-98FD-4B12-A9A8-366FC89E9A7A}.Release|Any CPU.ActiveCfg = Release|Any CPU
		{366A92C9-98FD-4B12-A9A8-366FC89E9A7A}.Release|Any CPU.Build.0 = Release|Any CPU
		{3DEC16F4-061D-4A36-8756-8231AF121484}.Debug|Any CPU.ActiveCfg = Debug|Any CPU
		{3DEC16F4-061D-4A36-8756-8231AF121484}.Debug|Any CPU.Build.0 = Debug|Any CPU
		{3DEC16F4-061D-4A36-8756-8231AF121484}.Release|Any CPU.ActiveCfg = Release|Any CPU
		{3DEC16F4-061D-4A36-8756-8231AF121484}.Release|Any CPU.Build.0 = Release|Any CPU
		{E65C4175-B586-4190-9FF3-2D35B8B29CAB}.Debug|Any CPU.ActiveCfg = Debug|Any CPU
		{E65C4175-B586-4190-9FF3-2D35B8B29CAB}.Debug|Any CPU.Build.0 = Debug|Any CPU
		{E65C4175-B586-4190-9FF3-2D35B8B29CAB}.Release|Any CPU.ActiveCfg = Release|Any CPU
		{E65C4175-B586-4190-9FF3-2D35B8B29CAB}.Release|Any CPU.Build.0 = Release|Any CPU
		{F46FEF83-036A-4311-9D70-BF7E7FDB0B8B}.Debug|Any CPU.ActiveCfg = Debug|Any CPU
		{F46FEF83-036A-4311-9D70-BF7E7FDB0B8B}.Debug|Any CPU.Build.0 = Debug|Any CPU
		{F46FEF83-036A-4311-9D70-BF7E7FDB0B8B}.Release|Any CPU.ActiveCfg = Release|Any CPU
		{F46FEF83-036A-4311-9D70-BF7E7FDB0B8B}.Release|Any CPU.Build.0 = Release|Any CPU
	EndGlobalSection
	GlobalSection(SolutionProperties) = preSolution
		HideSolutionNode = FALSE
	EndGlobalSection
	GlobalSection(NestedProjects) = preSolution
		{0AFAF077-1A9D-4DDB-A7CB-A91F1B6805E8} = {10BCC8F8-6F58-45B3-8438-3FA9E6584C16}
		{6BDAF869-7279-4917-8722-838EF064B563} = {10BCC8F8-6F58-45B3-8438-3FA9E6584C16}
		{7D97FD84-A190-41A1-8DE9-0ECE34C4419D} = {10BCC8F8-6F58-45B3-8438-3FA9E6584C16}
		{E0313451-65AA-403C-A2E6-B8238D132D3B} = {10BCC8F8-6F58-45B3-8438-3FA9E6584C16}
		{5BCD7312-0694-4741-AA28-C761D166B0AB} = {10BCC8F8-6F58-45B3-8438-3FA9E6584C16}
		{0ECC3056-6412-4A3A-ACC2-FFA6C31D51D0} = {10BCC8F8-6F58-45B3-8438-3FA9E6584C16}
		{3DEC16F4-061D-4A36-8756-8231AF121484} = {BC547DE0-ED73-4614-B98A-24BD9BE0FACC}
		{E65C4175-B586-4190-9FF3-2D35B8B29CAB} = {BC547DE0-ED73-4614-B98A-24BD9BE0FACC}
	EndGlobalSection
	GlobalSection(ExtensibilityGlobals) = postSolution
		SolutionGuid = {6E8D67C9-7670-4A39-B9A0-6928EAFA01F4}
	EndGlobalSection
EndGlobal
