
Microsoft Visual Studio Solution File, Format Version 12.00
# Visual Studio Version 17
VisualStudioVersion = 17.0.31912.275
MinimumVisualStudioVersion = 10.0.40219.1
Project("{FAE04EC0-301F-11D3-BF4B-00C04F79EFBC}") = "AudioBookPlayer.App", "src\AudioBookPlayer.App\AudioBookPlayer.App.csproj", "{A959B551-AA7C-44F2-A684-0B897D3FD23E}"
EndProject
Project("{2150E333-8FDC-42A3-9474-1A3956D46DE8}") = "Docs", "Docs", "{5BBC1515-76B6-4705-9ED4-E1C7C06E5AE5}"
	ProjectSection(SolutionItems) = preProject
		audioformats_2.14_letter.pdf = audioformats_2.14_letter.pdf
		Docs.txt = Docs.txt
		ftyp.txt = ftyp.txt
		qtff.pdf = qtff.pdf
		qtm-layout.txt = qtm-layout.txt
		README.md = README.md
		screenshot-0001.jpg = screenshot-0001.jpg
		screenshot-0002.png = screenshot-0002.png
		screenshot-0003.jpg = screenshot-0003.jpg
		screenshot-0004.png = screenshot-0004.png
		screenshot-0005.jpg = screenshot-0005.jpg
		screenshot-0006.png = screenshot-0006.png
		screenshot-0007.jpg = screenshot-0007.jpg
		screenshot-0008.png = screenshot-0008.png
		screenshot-0009.png = screenshot-0009.png
		screenshot-0010.png = screenshot-0010.png
		screenshot-0011.jpg = screenshot-0011.jpg
		screenshot-0012.webp = screenshot-0012.webp
		screenshot-0013.png = screenshot-0013.png
	EndProjectSection
EndProject
Project("{FAE04EC0-301F-11D3-BF4B-00C04F79EFBC}") = "AudioBookPlayer.MediaBrowserService", "src\AudioBookPlayer.MediaBrowserService\AudioBookPlayer.MediaBrowserService.csproj", "{7518D836-BD79-41C1-840D-83A77E39BDB1}"
EndProject
Project("{9A19103F-16F7-4668-BE54-9A1E7A4F7556}") = "AudioBookPlayer.Domain", "src\AudioBookPlayer.Domain\AudioBookPlayer.Domain.csproj", "{17363E39-92C5-4781-BF54-E5FF7CBC7ADA}"
EndProject
Project("{9A19103F-16F7-4668-BE54-9A1E7A4F7556}") = "AudioBookPlayer.Data.Persistence", "src\AudioBookPlayer.Data.Persistence\AudioBookPlayer.Data.Persistence.csproj", "{0B88D0C6-4621-4920-B24F-71B6313C1E62}"
EndProject
Project("{9A19103F-16F7-4668-BE54-9A1E7A4F7556}") = "LibraProgramming.Media.Common", "src\LibraProgramming.Media.Common\LibraProgramming.Media.Common.csproj", "{73355855-B4B1-465A-88C6-E82744948E0C}"
EndProject
Project("{9A19103F-16F7-4668-BE54-9A1E7A4F7556}") = "LibraProgramming.Media.QuickTime", "src\LibraProgramming.Media.QuickTime\LibraProgramming.Media.QuickTime.csproj", "{6B2F62A2-75CC-4D46-B85F-74AB6E625FF6}"
EndProject
Project("{FAE04EC0-301F-11D3-BF4B-00C04F79EFBC}") = "AudioBookPlayer.Core", "src\AudioBookPlayer.Core\AudioBookPlayer.Core.csproj", "{B3C58A08-3E67-4C85-AE9F-15798FBD75B1}"
EndProject
Project("{9A19103F-16F7-4668-BE54-9A1E7A4F7556}") = "LibraProgramming.Memory", "src\LibraProgramming.Memory\LibraProgramming.Memory.csproj", "{B6A7077D-A464-43BF-8143-C76C07EA22E7}"
EndProject
Project("{FAE04EC0-301F-11D3-BF4B-00C04F79EFBC}") = "ConsoleApp", "src\ConsoleApp\ConsoleApp.csproj", "{8D616355-7174-490F-8AE5-7E9CCC804E7D}"
EndProject
Global
	GlobalSection(SolutionConfigurationPlatforms) = preSolution
		Debug|Any CPU = Debug|Any CPU
		Release|Any CPU = Release|Any CPU
	EndGlobalSection
	GlobalSection(ProjectConfigurationPlatforms) = postSolution
		{A959B551-AA7C-44F2-A684-0B897D3FD23E}.Debug|Any CPU.ActiveCfg = Debug|Any CPU
		{A959B551-AA7C-44F2-A684-0B897D3FD23E}.Debug|Any CPU.Build.0 = Debug|Any CPU
		{A959B551-AA7C-44F2-A684-0B897D3FD23E}.Debug|Any CPU.Deploy.0 = Debug|Any CPU
		{A959B551-AA7C-44F2-A684-0B897D3FD23E}.Release|Any CPU.ActiveCfg = Release|Any CPU
		{A959B551-AA7C-44F2-A684-0B897D3FD23E}.Release|Any CPU.Build.0 = Release|Any CPU
		{A959B551-AA7C-44F2-A684-0B897D3FD23E}.Release|Any CPU.Deploy.0 = Release|Any CPU
		{7518D836-BD79-41C1-840D-83A77E39BDB1}.Debug|Any CPU.ActiveCfg = Debug|Any CPU
		{7518D836-BD79-41C1-840D-83A77E39BDB1}.Debug|Any CPU.Build.0 = Debug|Any CPU
		{7518D836-BD79-41C1-840D-83A77E39BDB1}.Release|Any CPU.ActiveCfg = Release|Any CPU
		{7518D836-BD79-41C1-840D-83A77E39BDB1}.Release|Any CPU.Build.0 = Release|Any CPU
		{17363E39-92C5-4781-BF54-E5FF7CBC7ADA}.Debug|Any CPU.ActiveCfg = Debug|Any CPU
		{17363E39-92C5-4781-BF54-E5FF7CBC7ADA}.Debug|Any CPU.Build.0 = Debug|Any CPU
		{17363E39-92C5-4781-BF54-E5FF7CBC7ADA}.Release|Any CPU.ActiveCfg = Release|Any CPU
		{17363E39-92C5-4781-BF54-E5FF7CBC7ADA}.Release|Any CPU.Build.0 = Release|Any CPU
		{0B88D0C6-4621-4920-B24F-71B6313C1E62}.Debug|Any CPU.ActiveCfg = Debug|Any CPU
		{0B88D0C6-4621-4920-B24F-71B6313C1E62}.Debug|Any CPU.Build.0 = Debug|Any CPU
		{0B88D0C6-4621-4920-B24F-71B6313C1E62}.Release|Any CPU.ActiveCfg = Release|Any CPU
		{0B88D0C6-4621-4920-B24F-71B6313C1E62}.Release|Any CPU.Build.0 = Release|Any CPU
		{73355855-B4B1-465A-88C6-E82744948E0C}.Debug|Any CPU.ActiveCfg = Debug|Any CPU
		{73355855-B4B1-465A-88C6-E82744948E0C}.Debug|Any CPU.Build.0 = Debug|Any CPU
		{73355855-B4B1-465A-88C6-E82744948E0C}.Release|Any CPU.ActiveCfg = Release|Any CPU
		{73355855-B4B1-465A-88C6-E82744948E0C}.Release|Any CPU.Build.0 = Release|Any CPU
		{6B2F62A2-75CC-4D46-B85F-74AB6E625FF6}.Debug|Any CPU.ActiveCfg = Debug|Any CPU
		{6B2F62A2-75CC-4D46-B85F-74AB6E625FF6}.Debug|Any CPU.Build.0 = Debug|Any CPU
		{6B2F62A2-75CC-4D46-B85F-74AB6E625FF6}.Release|Any CPU.ActiveCfg = Release|Any CPU
		{6B2F62A2-75CC-4D46-B85F-74AB6E625FF6}.Release|Any CPU.Build.0 = Release|Any CPU
		{B3C58A08-3E67-4C85-AE9F-15798FBD75B1}.Debug|Any CPU.ActiveCfg = Debug|Any CPU
		{B3C58A08-3E67-4C85-AE9F-15798FBD75B1}.Debug|Any CPU.Build.0 = Debug|Any CPU
		{B3C58A08-3E67-4C85-AE9F-15798FBD75B1}.Release|Any CPU.ActiveCfg = Release|Any CPU
		{B3C58A08-3E67-4C85-AE9F-15798FBD75B1}.Release|Any CPU.Build.0 = Release|Any CPU
		{B6A7077D-A464-43BF-8143-C76C07EA22E7}.Debug|Any CPU.ActiveCfg = Debug|Any CPU
		{B6A7077D-A464-43BF-8143-C76C07EA22E7}.Debug|Any CPU.Build.0 = Debug|Any CPU
		{B6A7077D-A464-43BF-8143-C76C07EA22E7}.Release|Any CPU.ActiveCfg = Release|Any CPU
		{B6A7077D-A464-43BF-8143-C76C07EA22E7}.Release|Any CPU.Build.0 = Release|Any CPU
		{8D616355-7174-490F-8AE5-7E9CCC804E7D}.Debug|Any CPU.ActiveCfg = Debug|Any CPU
		{8D616355-7174-490F-8AE5-7E9CCC804E7D}.Debug|Any CPU.Build.0 = Debug|Any CPU
		{8D616355-7174-490F-8AE5-7E9CCC804E7D}.Release|Any CPU.ActiveCfg = Release|Any CPU
		{8D616355-7174-490F-8AE5-7E9CCC804E7D}.Release|Any CPU.Build.0 = Release|Any CPU
	EndGlobalSection
	GlobalSection(SolutionProperties) = preSolution
		HideSolutionNode = FALSE
	EndGlobalSection
	GlobalSection(ExtensibilityGlobals) = postSolution
		SolutionGuid = {B3EA240C-7AC9-4B7C-A5F7-ED6B74A40D58}
	EndGlobalSection
EndGlobal
